
Microsoft Visual Studio Solution File, Format Version 12.00
# Visual Studio Version 17
VisualStudioVersion = 17.2.32630.192
MinimumVisualStudioVersion = 10.0.40219.1
Project("{FAE04EC0-301F-11D3-BF4B-00C04F79EFBC}") = "Store", "Store\Store.csproj", "{BC84AE40-1CD6-42E1-B329-7F2091F28F54}"
EndProject
Global
	GlobalSection(SolutionConfigurationPlatforms) = preSolution
		Debug|Any CPU = Debug|Any CPU
		Release|Any CPU = Release|Any CPU
	EndGlobalSection
	GlobalSection(ProjectConfigurationPlatforms) = postSolution
		{BC84AE40-1CD6-42E1-B329-7F2091F28F54}.Debug|Any CPU.ActiveCfg = Debug|Any CPU
		{BC84AE40-1CD6-42E1-B329-7F2091F28F54}.Debug|Any CPU.Build.0 = Debug|Any CPU
		{BC84AE40-1CD6-42E1-B329-7F2091F28F54}.Release|Any CPU.ActiveCfg = Release|Any CPU
		{BC84AE40-1CD6-42E1-B329-7F2091F28F54}.Release|Any CPU.Build.0 = Release|Any CPU
	EndGlobalSection
	GlobalSection(SolutionProperties) = preSolution
		HideSolutionNode = FALSE
	EndGlobalSection
	GlobalSection(ExtensibilityGlobals) = postSolution
		SolutionGuid = {38F2C942-A768-41A7-A6A8-40DD2632F2D8}
	EndGlobalSection
EndGlobal
