
Microsoft Visual Studio Solution File, Format Version 12.00
# Visual Studio Version 17
VisualStudioVersion = 17.2.32630.192
MinimumVisualStudioVersion = 10.0.40219.1
Project("{FAE04EC0-301F-11D3-BF4B-00C04F79EFBC}") = "PartyInvites", "PartyInvites\PartyInvites.csproj", "{E0C19CC5-58CE-4C9B-9C5B-C888A861565D}"
EndProject
Global
	GlobalSection(SolutionConfigurationPlatforms) = preSolution
		Debug|Any CPU = Debug|Any CPU
		Release|Any CPU = Release|Any CPU
	EndGlobalSection
	GlobalSection(ProjectConfigurationPlatforms) = postSolution
		{E0C19CC5-58CE-4C9B-9C5B-C888A861565D}.Debug|Any CPU.ActiveCfg = Debug|Any CPU
		{E0C19CC5-58CE-4C9B-9C5B-C888A861565D}.Debug|Any CPU.Build.0 = Debug|Any CPU
		{E0C19CC5-58CE-4C9B-9C5B-C888A861565D}.Release|Any CPU.ActiveCfg = Release|Any CPU
		{E0C19CC5-58CE-4C9B-9C5B-C888A861565D}.Release|Any CPU.Build.0 = Release|Any CPU
	EndGlobalSection
	GlobalSection(SolutionProperties) = preSolution
		HideSolutionNode = FALSE
	EndGlobalSection
	GlobalSection(ExtensibilityGlobals) = postSolution
		SolutionGuid = {763BA1A1-E6CA-49FD-9F90-8B644ADC9903}
	EndGlobalSection
EndGlobal
